// !$*UTF8*$!
{
	archiveVersion = 1;
	classes = {
	};
	objectVersion = 46;
	objects = {

/* Begin PBXBuildFile section */
		CFD639CA1C75F1BC00935592 /* AppDelegate.swift in Sources */ = {isa = PBXBuildFile; fileRef = CFD639C91C75F1BC00935592 /* AppDelegate.swift */; };
		CFD639CC1C75F1BC00935592 /* ViewController.swift in Sources */ = {isa = PBXBuildFile; fileRef = CFD639CB1C75F1BC00935592 /* ViewController.swift */; };
		CFD639CF1C75F1BC00935592 /* Main.storyboard in Resources */ = {isa = PBXBuildFile; fileRef = CFD639CD1C75F1BC00935592 /* Main.storyboard */; };
		CFD639D11C75F1BC00935592 /* Assets.xcassets in Resources */ = {isa = PBXBuildFile; fileRef = CFD639D01C75F1BC00935592 /* Assets.xcassets */; };
		CFD639D41C75F1BC00935592 /* LaunchScreen.storyboard in Resources */ = {isa = PBXBuildFile; fileRef = CFD639D21C75F1BC00935592 /* LaunchScreen.storyboard */; };
		CFD639DC1C75F1DC00935592 /* KYAnimationView.swift in Sources */ = {isa = PBXBuildFile; fileRef = CFD639DB1C75F1DC00935592 /* KYAnimationView.swift */; };
/* End PBXBuildFile section */

/* Begin PBXFileReference section */
		CFD639C61C75F1BC00935592 /* KYCADisplayLinkDemo.app */ = {isa = PBXFileReference; explicitFileType = wrapper.application; includeInIndex = 0; path = KYCADisplayLinkDemo.app; sourceTree = BUILT_PRODUCTS_DIR; };
		CFD639C91C75F1BC00935592 /* AppDelegate.swift */ = {isa = PBXFileReference; lastKnownFileType = sourcecode.swift; path = AppDelegate.swift; sourceTree = "<group>"; };
		CFD639CB1C75F1BC00935592 /* ViewController.swift */ = {isa = PBXFileReference; lastKnownFileType = sourcecode.swift; path = ViewController.swift; sourceTree = "<group>"; };
		CFD639CE1C75F1BC00935592 /* Base */ = {isa = PBXFileReference; lastKnownFileType = file.storyboard; name = Base; path = Base.lproj/Main.storyboard; sourceTree = "<group>"; };
		CFD639D01C75F1BC00935592 /* Assets.xcassets */ = {isa = PBXFileReference; lastKnownFileType = folder.assetcatalog; path = Assets.xcassets; sourceTree = "<group>"; };
		CFD639D31C75F1BC00935592 /* Base */ = {isa = PBXFileReference; lastKnownFileType = file.storyboard; name = Base; path = Base.lproj/LaunchScreen.storyboard; sourceTree = "<group>"; };
		CFD639D51C75F1BC00935592 /* Info.plist */ = {isa = PBXFileReference; lastKnownFileType = text.plist.xml; path = Info.plist; sourceTree = "<group>"; };
		CFD639DB1C75F1DC00935592 /* KYAnimationView.swift */ = {isa = PBXFileReference; fileEncoding = 4; lastKnownFileType = sourcecode.swift; path = KYAnimationView.swift; sourceTree = "<group>"; };
/* End PBXFileReference section */

/* Begin PBXFrameworksBuildPhase section */
		CFD639C31C75F1BC00935592 /* Frameworks */ = {
			isa = PBXFrameworksBuildPhase;
			buildActionMask = 2147483647;
			files = (
			);
			runOnlyForDeploymentPostprocessing = 0;
		};
/* End PBXFrameworksBuildPhase section */

/* Begin PBXGroup section */
		CFD639BD1C75F1BC00935592 = {
			isa = PBXGroup;
			children = (
				CFD639C81C75F1BC00935592 /* KYCADisplayLinkDemo */,
				CFD639C71C75F1BC00935592 /* Products */,
			);
			sourceTree = "<group>";
		};
		CFD639C71C75F1BC00935592 /* Products */ = {
			isa = PBXGroup;
			children = (
				CFD639C61C75F1BC00935592 /* KYCADisplayLinkDemo.app */,
			);
			name = Products;
			sourceTree = "<group>";
		};
		CFD639C81C75F1BC00935592 /* KYCADisplayLinkDemo */ = {
			isa = PBXGroup;
			children = (
				CFD639C91C75F1BC00935592 /* AppDelegate.swift */,
				CFD639CB1C75F1BC00935592 /* ViewController.swift */,
				CFD639DB1C75F1DC00935592 /* KYAnimationView.swift */,
				CFD639CD1C75F1BC00935592 /* Main.storyboard */,
				CFD639D01C75F1BC00935592 /* Assets.xcassets */,
				CFD639D21C75F1BC00935592 /* LaunchScreen.storyboard */,
				CFD639D51C75F1BC00935592 /* Info.plist */,
			);
			path = KYCADisplayLinkDemo;
			sourceTree = "<group>";
		};
/* End PBXGroup section */

/* Begin PBXNativeTarget section */
		CFD639C51C75F1BC00935592 /* KYCADisplayLinkDemo */ = {
			isa = PBXNativeTarget;
			buildConfigurationList = CFD639D81C75F1BC00935592 /* Build configuration list for PBXNativeTarget "KYCADisplayLinkDemo" */;
			buildPhases = (
				CFD639C21C75F1BC00935592 /* Sources */,
				CFD639C31C75F1BC00935592 /* Frameworks */,
				CFD639C41C75F1BC00935592 /* Resources */,
			);
			buildRules = (
			);
			dependencies = (
			);
			name = KYCADisplayLinkDemo;
			productName = KYCADisplayLinkDemo;
			productReference = CFD639C61C75F1BC00935592 /* KYCADisplayLinkDemo.app */;
			productType = "com.apple.product-type.application";
		};
/* End PBXNativeTarget section */

/* Begin PBXProject section */
		CFD639BE1C75F1BC00935592 /* Project object */ = {
			isa = PBXProject;
			attributes = {
				LastSwiftUpdateCheck = 0720;
				LastUpgradeCheck = 0720;
				ORGANIZATIONNAME = KangYang;
				TargetAttributes = {
					CFD639C51C75F1BC00935592 = {
						CreatedOnToolsVersion = 7.2.1;
					};
				};
			};
			buildConfigurationList = CFD639C11C75F1BC00935592 /* Build configuration list for PBXProject "KYCADisplayLinkDemo" */;
			compatibilityVersion = "Xcode 3.2";
			developmentRegion = English;
			hasScannedForEncodings = 0;
			knownRegions = (
				en,
				Base,
			);
			mainGroup = CFD639BD1C75F1BC00935592;
			productRefGroup = CFD639C71C75F1BC00935592 /* Products */;
			projectDirPath = "";
			projectRoot = "";
			targets = (
				CFD639C51C75F1BC00935592 /* KYCADisplayLinkDemo */,
			);
		};
/* End PBXProject section */

/* Begin PBXResourcesBuildPhase section */
		CFD639C41C75F1BC00935592 /* Resources */ = {
			isa = PBXResourcesBuildPhase;
			buildActionMask = 2147483647;
			files = (
				CFD639D41C75F1BC00935592 /* LaunchScreen.storyboard in Resources */,
				CFD639D11C75F1BC00935592 /* Assets.xcassets in Resources */,
				CFD639CF1C75F1BC00935592 /* Main.storyboard in Resources */,
			);
			runOnlyForDeploymentPostprocessing = 0;
		};
/* End PBXResourcesBuildPhase section */

/* Begin PBXSourcesBuildPhase section */
		CFD639C21C75F1BC00935592 /* Sources */ = {
			isa = PBXSourcesBuildPhase;
			buildActionMask = 2147483647;
			files = (
				CFD639CC1C75F1BC00935592 /* ViewController.swift in Sources */,
				CFD639CA1C75F1BC00935592 /* AppDelegate.swift in Sources */,
				CFD639DC1C75F1DC00935592 /* KYAnimationView.swift in Sources */,
			);
			runOnlyForDeploymentPostprocessing = 0;
		};
/* End PBXSourcesBuildPhase section */

/* Begin PBXVariantGroup section */
		CFD639CD1C75F1BC00935592 /* Main.storyboard */ = {
			isa = PBXVariantGroup;
			children = (
				CFD639CE1C75F1BC00935592 /* Base */,
			);
			name = Main.storyboard;
			sourceTree = "<group>";
		};
		CFD639D21C75F1BC00935592 /* LaunchScreen.storyboard */ = {
			isa = PBXVariantGroup;
			children = (
				CFD639D31C75F1BC00935592 /* Base */,
			);
			name = LaunchScreen.storyboard;
			sourceTree = "<group>";
		};
/* End PBXVariantGroup section */

/* Begin XCBuildConfiguration section */
		CFD639D61C75F1BC00935592 /* Debug */ = {
			isa = XCBuildConfiguration;
			buildSettings = {
				ALWAYS_SEARCH_USER_PATHS = NO;
				CLANG_CXX_LANGUAGE_STANDARD = "gnu++0x";
				CLANG_CXX_LIBRARY = "libc++";
				CLANG_ENABLE_MODULES = YES;
				CLANG_ENABLE_OBJC_ARC = YES;
				CLANG_WARN_BOOL_CONVERSION = YES;
				CLANG_WARN_CONSTANT_CONVERSION = YES;
				CLANG_WARN_DIRECT_OBJC_ISA_USAGE = YES_ERROR;
				CLANG_WARN_EMPTY_BODY = YES;
				CLANG_WARN_ENUM_CONVERSION = YES;
				CLANG_WARN_INT_CONVERSION = YES;
				CLANG_WARN_OBJC_ROOT_CLASS = YES_ERROR;
				CLANG_WARN_UNREACHABLE_CODE = YES;
				CLANG_WARN__DUPLICATE_METHOD_MATCH = YES;
				"CODE_SIGN_IDENTITY[sdk=iphoneos*]" = "iPhone Developer";
				COPY_PHASE_STRIP = NO;
				DEBUG_INFORMATION_FORMAT = dwarf;
				ENABLE_STRICT_OBJC_MSGSEND = YES;
				ENABLE_TESTABILITY = YES;
				GCC_C_LANGUAGE_STANDARD = gnu99;
				GCC_DYNAMIC_NO_PIC = NO;
				GCC_NO_COMMON_BLOCKS = YES;
				GCC_OPTIMIZATION_LEVEL = 0;
				GCC_PREPROCESSOR_DEFINITIONS = (
					"DEBUG=1",
					"$(inherited)",
				);
				GCC_WARN_64_TO_32_BIT_CONVERSION = YES;
				GCC_WARN_ABOUT_RETURN_TYPE = YES_ERROR;
				GCC_WARN_UNDECLARED_SELECTOR = YES;
				GCC_WARN_UNINITIALIZED_AUTOS = YES_AGGRESSIVE;
				GCC_WARN_UNUSED_FUNCTION = YES;
				GCC_WARN_UNUSED_VARIABLE = YES;
				IPHONEOS_DEPLOYMENT_TARGET = 9.2;
				MTL_ENABLE_DEBUG_INFO = YES;
				ONLY_ACTIVE_ARCH = YES;
				SDKROOT = iphoneos;
				SWIFT_OPTIMIZATION_LEVEL = "-Onone";
			};
			name = Debug;
		};
		CFD639D71C75F1BC00935592 /* Release */ = {
			isa = XCBuildConfiguration;
			buildSettings = {
				ALWAYS_SEARCH_USER_PATHS = NO;
				CLANG_CXX_LANGUAGE_STANDARD = "gnu++0x";
				CLANG_CXX_LIBRARY = "libc++";
				CLANG_ENABLE_MODULES = YES;
				CLANG_ENABLE_OBJC_ARC = YES;
				CLANG_WARN_BOOL_CONVERSION = YES;
				CLANG_WARN_CONSTANT_CONVERSION = YES;
				CLANG_WARN_DIRECT_OBJC_ISA_USAGE = YES_ERROR;
				CLANG_WARN_EMPTY_BODY = YES;
				CLANG_WARN_ENUM_CONVERSION = YES;
				CLANG_WARN_INT_CONVERSION = YES;
				CLANG_WARN_OBJC_ROOT_CLASS = YES_ERROR;
				CLANG_WARN_UNREACHABLE_CODE = YES;
				CLANG_WARN__DUPLICATE_METHOD_MATCH = YES;
				"CODE_SIGN_IDENTITY[sdk=iphoneos*]" = "iPhone Developer";
				COPY_PHASE_STRIP = NO;
				DEBUG_INFORMATION_FORMAT = "dwarf-with-dsym";
				ENABLE_NS_ASSERTIONS = NO;
				ENABLE_STRICT_OBJC_MSGSEND = YES;
				GCC_C_LANGUAGE_STANDARD = gnu99;
				GCC_NO_COMMON_BLOCKS = YES;
				GCC_WARN_64_TO_32_BIT_CONVERSION = YES;
				GCC_WARN_ABOUT_RETURN_TYPE = YES_ERROR;
				GCC_WARN_UNDECLARED_SELECTOR = YES;
				GCC_WARN_UNINITIALIZED_AUTOS = YES_AGGRESSIVE;
				GCC_WARN_UNUSED_FUNCTION = YES;
				GCC_WARN_UNUSED_VARIABLE = YES;
				IPHONEOS_DEPLOYMENT_TARGET = 9.2;
				MTL_ENABLE_DEBUG_INFO = NO;
				SDKROOT = iphoneos;
				VALIDATE_PRODUCT = YES;
			};
			name = Release;
		};
		CFD639D91C75F1BC00935592 /* Debug */ = {
			isa = XCBuildConfiguration;
			buildSettings = {
				ASSETCATALOG_COMPILER_APPICON_NAME = AppIcon;
				INFOPLIST_FILE = KYCADisplayLinkDemo/Info.plist;
				LD_RUNPATH_SEARCH_PATHS = "$(inherited) @executable_path/Frameworks";
				PRODUCT_BUNDLE_IDENTIFIER = com.kangyang.KYCADisplayLinkDemo;
				PRODUCT_NAME = "$(TARGET_NAME)";
			};
			name = Debug;
		};
		CFD639DA1C75F1BC00935592 /* Release */ = {
			isa = XCBuildConfiguration;
			buildSettings = {
				ASSETCATALOG_COMPILER_APPICON_NAME = AppIcon;
				INFOPLIST_FILE = KYCADisplayLinkDemo/Info.plist;
				LD_RUNPATH_SEARCH_PATHS = "$(inherited) @executable_path/Frameworks";
				PRODUCT_BUNDLE_IDENTIFIER = com.kangyang.KYCADisplayLinkDemo;
				PRODUCT_NAME = "$(TARGET_NAME)";
			};
			name = Release;
		};
/* End XCBuildConfiguration section */

/* Begin XCConfigurationList section */
		CFD639C11C75F1BC00935592 /* Build configuration list for PBXProject "KYCADisplayLinkDemo" */ = {
			isa = XCConfigurationList;
			buildConfigurations = (
				CFD639D61C75F1BC00935592 /* Debug */,
				CFD639D71C75F1BC00935592 /* Release */,
			);
			defaultConfigurationIsVisible = 0;
			defaultConfigurationName = Release;
		};
		CFD639D81C75F1BC00935592 /* Build configuration list for PBXNativeTarget "KYCADisplayLinkDemo" */ = {
			isa = XCConfigurationList;
			buildConfigurations = (
				CFD639D91C75F1BC00935592 /* Debug */,
				CFD639DA1C75F1BC00935592 /* Release */,
			);
			defaultConfigurationIsVisible = 0;
		};
/* End XCConfigurationList section */
	};
	rootObject = CFD639BE1C75F1BC00935592 /* Project object */;
}
